
Microsoft Visual Studio Solution File, Format Version 12.00
# Visual Studio Version 17
VisualStudioVersion = 17.14.36127.28
MinimumVisualStudioVersion = 10.0.40219.1
Project("{FAE04EC0-301F-11D3-BF4B-00C04F79EFBC}") = "MC.LaundryShop.App", "MC.LaundryShop.App\MC.LaundryShop.App.csproj", "{9BDE8C57-4C32-439A-9897-D27CB2CDC5E6}"
EndProject
Global
	GlobalSection(SolutionConfigurationPlatforms) = preSolution
		Debug|Any CPU = Debug|Any CPU
		Release|Any CPU = Release|Any CPU
	EndGlobalSection
	GlobalSection(ProjectConfigurationPlatforms) = postSolution
		{9BDE8C57-4C32-439A-9897-D27CB2CDC5E6}.Debug|Any CPU.ActiveCfg = Debug|Any CPU
		{9BDE8C57-4C32-439A-9897-D27CB2CDC5E6}.Debug|Any CPU.Build.0 = Debug|Any CPU
		{9BDE8C57-4C32-439A-9897-D27CB2CDC5E6}.Release|Any CPU.ActiveCfg = Release|Any CPU
		{9BDE8C57-4C32-439A-9897-D27CB2CDC5E6}.Release|Any CPU.Build.0 = Release|Any CPU
	EndGlobalSection
	GlobalSection(SolutionProperties) = preSolution
		HideSolutionNode = FALSE
	EndGlobalSection
	GlobalSection(ExtensibilityGlobals) = postSolution
		SolutionGuid = {21F4173D-D123-4F80-9044-3C816E1F9DB5}
	EndGlobalSection
EndGlobal
